
Microsoft Visual Studio Solution File, Format Version 12.00
Project("{FAE04EC0-301F-11D3-BF4B-00C04F79EFBC}") = "KafkaConsumerRetry", "KafkaConsumerRetry\KafkaConsumerRetry.csproj", "{03D5923C-653E-4F07-86A3-70C996669CE2}"
EndProject
Project("{FAE04EC0-301F-11D3-BF4B-00C04F79EFBC}") = "TestConsole", "TestConsole\TestConsole.csproj", "{F91D9802-55B6-4CF8-A6BB-58A9360C5EF4}"
EndProject
Project("{FAE04EC0-301F-11D3-BF4B-00C04F79EFBC}") = "KafkaConsumerRetry.Tests", "KafkaConsumerRetry.Tests\KafkaConsumerRetry.Tests.csproj", "{B4493509-BCFA-4B98-A61C-C3EDE70F908B}"
EndProject
Project("{2150E333-8FDC-42A3-9474-1A3956D46DE8}") = "Files", "Files", "{FF514E4F-AD53-43C6-860F-8A6F5E94F737}"
	ProjectSection(SolutionItems) = preProject
		README.md = README.md
		docker-compose.test.yaml = docker-compose.test.yaml
		docker-compose.yaml = docker-compose.yaml
		LICENSE.txt = LICENSE.txt
	EndProjectSection
EndProject
Project("{FAE04EC0-301F-11D3-BF4B-00C04F79EFBC}") = "ExampleProject", "ExampleProject\ExampleProject.csproj", "{65C6DF67-6F54-46D2-996A-D14007D7811A}"
EndProject
Global
	GlobalSection(SolutionConfigurationPlatforms) = preSolution
		Debug|Any CPU = Debug|Any CPU
		Release|Any CPU = Release|Any CPU
	EndGlobalSection
	GlobalSection(ProjectConfigurationPlatforms) = postSolution
		{03D5923C-653E-4F07-86A3-70C996669CE2}.Debug|Any CPU.ActiveCfg = Debug|Any CPU
		{03D5923C-653E-4F07-86A3-70C996669CE2}.Debug|Any CPU.Build.0 = Debug|Any CPU
		{03D5923C-653E-4F07-86A3-70C996669CE2}.Release|Any CPU.ActiveCfg = Release|Any CPU
		{03D5923C-653E-4F07-86A3-70C996669CE2}.Release|Any CPU.Build.0 = Release|Any CPU
		{F91D9802-55B6-4CF8-A6BB-58A9360C5EF4}.Debug|Any CPU.ActiveCfg = Debug|Any CPU
		{F91D9802-55B6-4CF8-A6BB-58A9360C5EF4}.Debug|Any CPU.Build.0 = Debug|Any CPU
		{F91D9802-55B6-4CF8-A6BB-58A9360C5EF4}.Release|Any CPU.ActiveCfg = Release|Any CPU
		{F91D9802-55B6-4CF8-A6BB-58A9360C5EF4}.Release|Any CPU.Build.0 = Release|Any CPU
		{B4493509-BCFA-4B98-A61C-C3EDE70F908B}.Debug|Any CPU.ActiveCfg = Debug|Any CPU
		{B4493509-BCFA-4B98-A61C-C3EDE70F908B}.Debug|Any CPU.Build.0 = Debug|Any CPU
		{B4493509-BCFA-4B98-A61C-C3EDE70F908B}.Release|Any CPU.ActiveCfg = Release|Any CPU
		{B4493509-BCFA-4B98-A61C-C3EDE70F908B}.Release|Any CPU.Build.0 = Release|Any CPU
		{65C6DF67-6F54-46D2-996A-D14007D7811A}.Debug|Any CPU.ActiveCfg = Debug|Any CPU
		{65C6DF67-6F54-46D2-996A-D14007D7811A}.Debug|Any CPU.Build.0 = Debug|Any CPU
		{65C6DF67-6F54-46D2-996A-D14007D7811A}.Release|Any CPU.ActiveCfg = Release|Any CPU
		{65C6DF67-6F54-46D2-996A-D14007D7811A}.Release|Any CPU.Build.0 = Release|Any CPU
	EndGlobalSection
EndGlobal
